{
  "name": "pareto-core",
  "version": "0.0.4",
  "lockfileVersion": 2,
  "requires": true,
  "packages": {
    "": {
      "name": "pareto-core",
      "version": "0.0.4",
      "dependencies": {
        "pareto-core-exe": "^0.15.0",
        "pareto-core-lib": "^0.14.0",
        "pareto-core-raw": "^0.6.0",
        "pareto-core-state": "^0.11.0"
      }
    },
    "node_modules/glo-pareto-main": {
      "version": "0.1.0",
      "resolved": "https://registry.npmjs.org/glo-pareto-main/-/glo-pareto-main-0.1.0.tgz",
      "integrity": "sha512-mpUR1yeTmL7Z2QbEOL9aAPjsofsx21UlPX2t857p+ra7mWzTeSfDjYPvDZ3H6BKqQmNHbwA7U49vDDDbQ38b7A==",
      "dependencies": {
        "pareto-core-types": "^0.7.0"
      }
    },
    "node_modules/pareto-core-exe": {
      "version": "0.15.0",
      "resolved": "https://registry.npmjs.org/pareto-core-exe/-/pareto-core-exe-0.15.0.tgz",
      "integrity": "sha512-KAQvHeRxwPx9rWVZWGCD7FResUZFqTffYvzuJNmE4YkScBvMxUM1MzWQ5AV5tlPoGgX6NtCAeNxO8zo0eTxksA==",
      "dependencies": {
        "glo-pareto-main": "^0.1.0",
        "pareto-core-internals": "^0.9.0"
      }
    },
    "node_modules/pareto-core-internals": {
      "version": "0.9.0",
      "resolved": "https://registry.npmjs.org/pareto-core-internals/-/pareto-core-internals-0.9.0.tgz",
      "integrity": "sha512-YCv/96U5PV4E9lp0p4NoB6JKDcZghEXU9bSsd1kDmATkIRdORamqbX4Og7+KmlCBetOkK8BlbUDwM2zzMsa+5g==",
      "dependencies": {
        "pareto-core-types": "^0.7.0"
      }
    },
    "node_modules/pareto-core-lib": {
      "version": "0.14.0",
      "resolved": "https://registry.npmjs.org/pareto-core-lib/-/pareto-core-lib-0.14.0.tgz",
      "integrity": "sha512-Z12CwExb6oQYiKAUBkt6qXAvpOcaafUcm7AA1rgg2IdsquUG2ntIFJfd+c1ERBMBwraIgDIQszhcEtjiEp26Tw==",
      "dependencies": {
        "pareto-core-internals": "^0.9.0"
      }
    },
    "node_modules/pareto-core-raw": {
      "version": "0.6.0",
      "resolved": "https://registry.npmjs.org/pareto-core-raw/-/pareto-core-raw-0.6.0.tgz",
      "integrity": "sha512-ydQhg0TKfdT7v40YDPMRdM4dhLLxL9CHUYoueWY1YrRvVS2gTIeZ1HXGzkc9VJy4H7ud1Yp4q/rt+W3cu+RxpA==",
      "dependencies": {
        "pareto-core-internals": "^0.9.0"
      }
    },
    "node_modules/pareto-core-state": {
      "version": "0.11.0",
      "resolved": "https://registry.npmjs.org/pareto-core-state/-/pareto-core-state-0.11.0.tgz",
      "integrity": "sha512-WbLsOAk2hfaVUToJ+Nv+2ApWZYrj9/4hScCxNdY3shxEVeIbYnJ8KlAhEggfjbX3/vMB3ruSvZIhsvBbQfPkfg==",
      "dependencies": {
        "pareto-core-internals": "^0.9.0"
      }
    },
    "node_modules/pareto-core-types": {
      "version": "0.7.0",
      "resolved": "https://registry.npmjs.org/pareto-core-types/-/pareto-core-types-0.7.0.tgz",
      "integrity": "sha512-Nz3hlDGyI8LrXjA50hiqslujRuS2WMYJuQeXyUgwWiw5k3xOY7vjof/9bzg4Ez7+Y5qWFgJJoi1o6Hu/ZDTF6A=="
    }
  },
  "dependencies": {
    "glo-pareto-main": {
      "version": "0.1.0",
      "resolved": "https://registry.npmjs.org/glo-pareto-main/-/glo-pareto-main-0.1.0.tgz",
      "integrity": "sha512-mpUR1yeTmL7Z2QbEOL9aAPjsofsx21UlPX2t857p+ra7mWzTeSfDjYPvDZ3H6BKqQmNHbwA7U49vDDDbQ38b7A==",
      "requires": {
        "pareto-core-types": "^0.7.0"
      }
    },
    "pareto-core-exe": {
      "version": "0.15.0",
      "resolved": "https://registry.npmjs.org/pareto-core-exe/-/pareto-core-exe-0.15.0.tgz",
      "integrity": "sha512-KAQvHeRxwPx9rWVZWGCD7FResUZFqTffYvzuJNmE4YkScBvMxUM1MzWQ5AV5tlPoGgX6NtCAeNxO8zo0eTxksA==",
      "requires": {
        "glo-pareto-main": "^0.1.0",
        "pareto-core-internals": "^0.9.0"
      }
    },
    "pareto-core-internals": {
      "version": "0.9.0",
      "resolved": "https://registry.npmjs.org/pareto-core-internals/-/pareto-core-internals-0.9.0.tgz",
      "integrity": "sha512-YCv/96U5PV4E9lp0p4NoB6JKDcZghEXU9bSsd1kDmATkIRdORamqbX4Og7+KmlCBetOkK8BlbUDwM2zzMsa+5g==",
      "requires": {
        "pareto-core-types": "^0.7.0"
      }
    },
    "pareto-core-lib": {
      "version": "0.14.0",
      "resolved": "https://registry.npmjs.org/pareto-core-lib/-/pareto-core-lib-0.14.0.tgz",
      "integrity": "sha512-Z12CwExb6oQYiKAUBkt6qXAvpOcaafUcm7AA1rgg2IdsquUG2ntIFJfd+c1ERBMBwraIgDIQszhcEtjiEp26Tw==",
      "requires": {
        "pareto-core-internals": "^0.9.0"
      }
    },
    "pareto-core-raw": {
      "version": "0.6.0",
      "resolved": "https://registry.npmjs.org/pareto-core-raw/-/pareto-core-raw-0.6.0.tgz",
      "integrity": "sha512-ydQhg0TKfdT7v40YDPMRdM4dhLLxL9CHUYoueWY1YrRvVS2gTIeZ1HXGzkc9VJy4H7ud1Yp4q/rt+W3cu+RxpA==",
      "requires": {
        "pareto-core-internals": "^0.9.0"
      }
    },
    "pareto-core-state": {
      "version": "0.11.0",
      "resolved": "https://registry.npmjs.org/pareto-core-state/-/pareto-core-state-0.11.0.tgz",
      "integrity": "sha512-WbLsOAk2hfaVUToJ+Nv+2ApWZYrj9/4hScCxNdY3shxEVeIbYnJ8KlAhEggfjbX3/vMB3ruSvZIhsvBbQfPkfg==",
      "requires": {
        "pareto-core-internals": "^0.9.0"
      }
    },
    "pareto-core-types": {
      "version": "0.7.0",
      "resolved": "https://registry.npmjs.org/pareto-core-types/-/pareto-core-types-0.7.0.tgz",
      "integrity": "sha512-Nz3hlDGyI8LrXjA50hiqslujRuS2WMYJuQeXyUgwWiw5k3xOY7vjof/9bzg4Ez7+Y5qWFgJJoi1o6Hu/ZDTF6A=="
    }
  }
}
